// !$*UTF8*$!
{
	archiveVersion = 1;
	classes = {
	};
	objectVersion = 48;
	objects = {

/* Begin PBXBuildFile section */
		0120939120041E39008EAC33 /* Push.swift in Sources */ = {isa = PBXBuildFile; fileRef = 0120939020041E39008EAC33 /* Push.swift */; };
		01209393200421E1008EAC33 /* SaveData.swift in Sources */ = {isa = PBXBuildFile; fileRef = 01209392200421E1008EAC33 /* SaveData.swift */; };
		012093AF2004E396008EAC33 /* VkWall.swift in Sources */ = {isa = PBXBuildFile; fileRef = 012093AD2004E396008EAC33 /* VkWall.swift */; };
		012093B02004E396008EAC33 /* VkWall.xib in Resources */ = {isa = PBXBuildFile; fileRef = 012093AE2004E396008EAC33 /* VkWall.xib */; };
		012093B22004E428008EAC33 /* Session.swift in Sources */ = {isa = PBXBuildFile; fileRef = 012093B12004E428008EAC33 /* Session.swift */; };
		012093B42004E433008EAC33 /* Constants.swift in Sources */ = {isa = PBXBuildFile; fileRef = 012093B32004E432008EAC33 /* Constants.swift */; };
		014B223520024B4C00654AA1 /* AppDelegate.swift in Sources */ = {isa = PBXBuildFile; fileRef = 014B223420024B4C00654AA1 /* AppDelegate.swift */; };
		014B223720024B4C00654AA1 /* ViewController.swift in Sources */ = {isa = PBXBuildFile; fileRef = 014B223620024B4C00654AA1 /* ViewController.swift */; };
		014B223A20024B4C00654AA1 /* Main.storyboard in Resources */ = {isa = PBXBuildFile; fileRef = 014B223820024B4C00654AA1 /* Main.storyboard */; };
		014B223C20024B4C00654AA1 /* Assets.xcassets in Resources */ = {isa = PBXBuildFile; fileRef = 014B223B20024B4C00654AA1 /* Assets.xcassets */; };
		014B223F20024B4C00654AA1 /* LaunchScreen.storyboard in Resources */ = {isa = PBXBuildFile; fileRef = 014B223D20024B4C00654AA1 /* LaunchScreen.storyboard */; };
		014B226C20024F8400654AA1 /* TableViewCell.swift in Sources */ = {isa = PBXBuildFile; fileRef = 014B226A20024F8400654AA1 /* TableViewCell.swift */; };
		014B226D20024F8400654AA1 /* TableViewCell.xib in Resources */ = {isa = PBXBuildFile; fileRef = 014B226B20024F8400654AA1 /* TableViewCell.xib */; };
		014B226F2002567A00654AA1 /* RemindStruct.swift in Sources */ = {isa = PBXBuildFile; fileRef = 014B226E2002567A00654AA1 /* RemindStruct.swift */; };
		014B2273200260BF00654AA1 /* DetailReminder.swift in Sources */ = {isa = PBXBuildFile; fileRef = 014B2271200260BF00654AA1 /* DetailReminder.swift */; };
		014B2274200260BF00654AA1 /* DetailReminder.xib in Resources */ = {isa = PBXBuildFile; fileRef = 014B2272200260BF00654AA1 /* DetailReminder.xib */; };
		014B227820026E0400654AA1 /* AddReminder.swift in Sources */ = {isa = PBXBuildFile; fileRef = 014B227620026E0400654AA1 /* AddReminder.swift */; };
		014B227920026E0400654AA1 /* AddReminder.xib in Resources */ = {isa = PBXBuildFile; fileRef = 014B227720026E0400654AA1 /* AddReminder.xib */; };
		017C6EF9200905590082CE40 /* PostToVk.swift in Sources */ = {isa = PBXBuildFile; fileRef = 017C6EF8200905590082CE40 /* PostToVk.swift */; };
		017C6EFB200911C10082CE40 /* FadeAnimation.swift in Sources */ = {isa = PBXBuildFile; fileRef = 017C6EFA200911C10082CE40 /* FadeAnimation.swift */; };
		0193623B20081ECD00A0E875 /* WebCacheCleaner.swift in Sources */ = {isa = PBXBuildFile; fileRef = 0193623A20081ECD00A0E875 /* WebCacheCleaner.swift */; };
		01B009922005035000CB5006 /* PhotoCollection.swift in Sources */ = {isa = PBXBuildFile; fileRef = 01B009902005035000CB5006 /* PhotoCollection.swift */; };
		01B009932005035000CB5006 /* PhotoCollection.xib in Resources */ = {isa = PBXBuildFile; fileRef = 01B009912005035000CB5006 /* PhotoCollection.xib */; };
		01B009972005051000CB5006 /* PhotoCollectionCell.swift in Sources */ = {isa = PBXBuildFile; fileRef = 01B009952005051000CB5006 /* PhotoCollectionCell.swift */; };
		01B009982005051000CB5006 /* PhotoCollectionCell.xib in Resources */ = {isa = PBXBuildFile; fileRef = 01B009962005051000CB5006 /* PhotoCollectionCell.xib */; };
		01CF345B20057BA60019C7D4 /* StringEditor.swift in Sources */ = {isa = PBXBuildFile; fileRef = 01CF345A20057BA60019C7D4 /* StringEditor.swift */; };
		01D60EF720052936004D497A /* JustPhoto.swift in Sources */ = {isa = PBXBuildFile; fileRef = 01D60EF520052936004D497A /* JustPhoto.swift */; };
		01D60EF820052936004D497A /* JustPhoto.xib in Resources */ = {isa = PBXBuildFile; fileRef = 01D60EF620052936004D497A /* JustPhoto.xib */; };
/* End PBXBuildFile section */

/* Begin PBXFileReference section */
		0120939020041E39008EAC33 /* Push.swift */ = {isa = PBXFileReference; lastKnownFileType = sourcecode.swift; path = Push.swift; sourceTree = "<group>"; };
		01209392200421E1008EAC33 /* SaveData.swift */ = {isa = PBXFileReference; lastKnownFileType = sourcecode.swift; path = SaveData.swift; sourceTree = "<group>"; };
		012093AD2004E396008EAC33 /* VkWall.swift */ = {isa = PBXFileReference; lastKnownFileType = sourcecode.swift; path = VkWall.swift; sourceTree = "<group>"; };
		012093AE2004E396008EAC33 /* VkWall.xib */ = {isa = PBXFileReference; lastKnownFileType = file.xib; path = VkWall.xib; sourceTree = "<group>"; };
		012093B12004E428008EAC33 /* Session.swift */ = {isa = PBXFileReference; fileEncoding = 4; lastKnownFileType = sourcecode.swift; path = Session.swift; sourceTree = "<group>"; };
		012093B32004E432008EAC33 /* Constants.swift */ = {isa = PBXFileReference; fileEncoding = 4; lastKnownFileType = sourcecode.swift; path = Constants.swift; sourceTree = "<group>"; };
		014B223120024B4C00654AA1 /* reminder.app */ = {isa = PBXFileReference; explicitFileType = wrapper.application; includeInIndex = 0; path = reminder.app; sourceTree = BUILT_PRODUCTS_DIR; };
		014B223420024B4C00654AA1 /* AppDelegate.swift */ = {isa = PBXFileReference; lastKnownFileType = sourcecode.swift; path = AppDelegate.swift; sourceTree = "<group>"; };
		014B223620024B4C00654AA1 /* ViewController.swift */ = {isa = PBXFileReference; lastKnownFileType = sourcecode.swift; path = ViewController.swift; sourceTree = "<group>"; };
		014B223920024B4C00654AA1 /* Base */ = {isa = PBXFileReference; lastKnownFileType = file.storyboard; name = Base; path = Base.lproj/Main.storyboard; sourceTree = "<group>"; };
		014B223B20024B4C00654AA1 /* Assets.xcassets */ = {isa = PBXFileReference; lastKnownFileType = folder.assetcatalog; path = Assets.xcassets; sourceTree = "<group>"; };
		014B223E20024B4C00654AA1 /* Base */ = {isa = PBXFileReference; lastKnownFileType = file.storyboard; name = Base; path = Base.lproj/LaunchScreen.storyboard; sourceTree = "<group>"; };
		014B224020024B4C00654AA1 /* Info.plist */ = {isa = PBXFileReference; lastKnownFileType = text.plist.xml; path = Info.plist; sourceTree = "<group>"; };
		014B226A20024F8400654AA1 /* TableViewCell.swift */ = {isa = PBXFileReference; lastKnownFileType = sourcecode.swift; path = TableViewCell.swift; sourceTree = "<group>"; };
		014B226B20024F8400654AA1 /* TableViewCell.xib */ = {isa = PBXFileReference; lastKnownFileType = file.xib; path = TableViewCell.xib; sourceTree = "<group>"; };
		014B226E2002567A00654AA1 /* RemindStruct.swift */ = {isa = PBXFileReference; lastKnownFileType = sourcecode.swift; path = RemindStruct.swift; sourceTree = "<group>"; };
		014B2271200260BF00654AA1 /* DetailReminder.swift */ = {isa = PBXFileReference; lastKnownFileType = sourcecode.swift; path = DetailReminder.swift; sourceTree = "<group>"; };
		014B2272200260BF00654AA1 /* DetailReminder.xib */ = {isa = PBXFileReference; lastKnownFileType = file.xib; path = DetailReminder.xib; sourceTree = "<group>"; };
		014B227620026E0400654AA1 /* AddReminder.swift */ = {isa = PBXFileReference; lastKnownFileType = sourcecode.swift; path = AddReminder.swift; sourceTree = "<group>"; };
		014B227720026E0400654AA1 /* AddReminder.xib */ = {isa = PBXFileReference; lastKnownFileType = file.xib; path = AddReminder.xib; sourceTree = "<group>"; };
		017C6EF8200905590082CE40 /* PostToVk.swift */ = {isa = PBXFileReference; lastKnownFileType = sourcecode.swift; path = PostToVk.swift; sourceTree = "<group>"; };
		017C6EFA200911C10082CE40 /* FadeAnimation.swift */ = {isa = PBXFileReference; lastKnownFileType = sourcecode.swift; path = FadeAnimation.swift; sourceTree = "<group>"; };
		0193623A20081ECD00A0E875 /* WebCacheCleaner.swift */ = {isa = PBXFileReference; lastKnownFileType = sourcecode.swift; path = WebCacheCleaner.swift; sourceTree = "<group>"; };
		01B009902005035000CB5006 /* PhotoCollection.swift */ = {isa = PBXFileReference; lastKnownFileType = sourcecode.swift; path = PhotoCollection.swift; sourceTree = "<group>"; };
		01B009912005035000CB5006 /* PhotoCollection.xib */ = {isa = PBXFileReference; lastKnownFileType = file.xib; path = PhotoCollection.xib; sourceTree = "<group>"; };
		01B009952005051000CB5006 /* PhotoCollectionCell.swift */ = {isa = PBXFileReference; lastKnownFileType = sourcecode.swift; path = PhotoCollectionCell.swift; sourceTree = "<group>"; };
		01B009962005051000CB5006 /* PhotoCollectionCell.xib */ = {isa = PBXFileReference; lastKnownFileType = file.xib; path = PhotoCollectionCell.xib; sourceTree = "<group>"; };
		01CF345A20057BA60019C7D4 /* StringEditor.swift */ = {isa = PBXFileReference; lastKnownFileType = sourcecode.swift; path = StringEditor.swift; sourceTree = "<group>"; };
		01D60EF520052936004D497A /* JustPhoto.swift */ = {isa = PBXFileReference; lastKnownFileType = sourcecode.swift; path = JustPhoto.swift; sourceTree = "<group>"; };
		01D60EF620052936004D497A /* JustPhoto.xib */ = {isa = PBXFileReference; lastKnownFileType = file.xib; path = JustPhoto.xib; sourceTree = "<group>"; };
/* End PBXFileReference section */

/* Begin PBXFrameworksBuildPhase section */
		014B222E20024B4C00654AA1 /* Frameworks */ = {
			isa = PBXFrameworksBuildPhase;
			buildActionMask = 2147483647;
			files = (
			);
			runOnlyForDeploymentPostprocessing = 0;
		};
/* End PBXFrameworksBuildPhase section */

/* Begin PBXGroup section */
		012093AC2004E387008EAC33 /* VkWall */ = {
			isa = PBXGroup;
			children = (
				012093AD2004E396008EAC33 /* VkWall.swift */,
				012093AE2004E396008EAC33 /* VkWall.xib */,
				012093B12004E428008EAC33 /* Session.swift */,
				012093B32004E432008EAC33 /* Constants.swift */,
				017C6EF8200905590082CE40 /* PostToVk.swift */,
			);
			path = VkWall;
			sourceTree = "<group>";
		};
		014B222820024B4C00654AA1 = {
			isa = PBXGroup;
			children = (
				014B223320024B4C00654AA1 /* reminder */,
				014B223220024B4C00654AA1 /* Products */,
			);
			sourceTree = "<group>";
		};
		014B223220024B4C00654AA1 /* Products */ = {
			isa = PBXGroup;
			children = (
				014B223120024B4C00654AA1 /* reminder.app */,
			);
			name = Products;
			sourceTree = "<group>";
		};
		014B223320024B4C00654AA1 /* reminder */ = {
			isa = PBXGroup;
			children = (
				01D60EF4200528FF004D497A /* JustPhoto */,
				01B00994200504EF00CB5006 /* PhotoCollectionCell */,
				01B0098F2005033500CB5006 /* PhotoCollection */,
				012093AC2004E387008EAC33 /* VkWall */,
				014B226420024D3200654AA1 /* support */,
				014B226920024F7100654AA1 /* Cell */,
				014B22702002606900654AA1 /* DetailReminder */,
				014B227520026DE400654AA1 /* addReminder */,
				014B223620024B4C00654AA1 /* ViewController.swift */,
				014B226E2002567A00654AA1 /* RemindStruct.swift */,
				014B223820024B4C00654AA1 /* Main.storyboard */,
				0120939020041E39008EAC33 /* Push.swift */,
				01209392200421E1008EAC33 /* SaveData.swift */,
				01CF345A20057BA60019C7D4 /* StringEditor.swift */,
				0193623A20081ECD00A0E875 /* WebCacheCleaner.swift */,
				017C6EFA200911C10082CE40 /* FadeAnimation.swift */,
			);
			path = reminder;
			sourceTree = "<group>";
		};
		014B226420024D3200654AA1 /* support */ = {
			isa = PBXGroup;
			children = (
				014B223420024B4C00654AA1 /* AppDelegate.swift */,
				014B223B20024B4C00654AA1 /* Assets.xcassets */,
				014B223D20024B4C00654AA1 /* LaunchScreen.storyboard */,
				014B224020024B4C00654AA1 /* Info.plist */,
			);
			path = support;
			sourceTree = "<group>";
		};
		014B226920024F7100654AA1 /* Cell */ = {
			isa = PBXGroup;
			children = (
				014B226A20024F8400654AA1 /* TableViewCell.swift */,
				014B226B20024F8400654AA1 /* TableViewCell.xib */,
			);
			path = Cell;
			sourceTree = "<group>";
		};
		014B22702002606900654AA1 /* DetailReminder */ = {
			isa = PBXGroup;
			children = (
				014B2271200260BF00654AA1 /* DetailReminder.swift */,
				014B2272200260BF00654AA1 /* DetailReminder.xib */,
			);
			path = DetailReminder;
			sourceTree = "<group>";
		};
		014B227520026DE400654AA1 /* addReminder */ = {
			isa = PBXGroup;
			children = (
				014B227620026E0400654AA1 /* AddReminder.swift */,
				014B227720026E0400654AA1 /* AddReminder.xib */,
			);
			path = addReminder;
			sourceTree = "<group>";
		};
		01B0098F2005033500CB5006 /* PhotoCollection */ = {
			isa = PBXGroup;
			children = (
				01B009902005035000CB5006 /* PhotoCollection.swift */,
				01B009912005035000CB5006 /* PhotoCollection.xib */,
			);
			path = PhotoCollection;
			sourceTree = "<group>";
		};
		01B00994200504EF00CB5006 /* PhotoCollectionCell */ = {
			isa = PBXGroup;
			children = (
				01B009952005051000CB5006 /* PhotoCollectionCell.swift */,
				01B009962005051000CB5006 /* PhotoCollectionCell.xib */,
			);
			path = PhotoCollectionCell;
			sourceTree = "<group>";
		};
		01D60EF4200528FF004D497A /* JustPhoto */ = {
			isa = PBXGroup;
			children = (
				01D60EF520052936004D497A /* JustPhoto.swift */,
				01D60EF620052936004D497A /* JustPhoto.xib */,
			);
			path = JustPhoto;
			sourceTree = "<group>";
		};
/* End PBXGroup section */

/* Begin PBXNativeTarget section */
		014B223020024B4C00654AA1 /* reminder */ = {
			isa = PBXNativeTarget;
			buildConfigurationList = 014B225920024B4D00654AA1 /* Build configuration list for PBXNativeTarget "reminder" */;
			buildPhases = (
				014B222D20024B4C00654AA1 /* Sources */,
				014B222E20024B4C00654AA1 /* Frameworks */,
				014B222F20024B4C00654AA1 /* Resources */,
				0193623E2008BF9800A0E875 /* ShellScript */,
			);
			buildRules = (
			);
			dependencies = (
			);
			name = reminder;
			productName = reminder;
			productReference = 014B223120024B4C00654AA1 /* reminder.app */;
			productType = "com.apple.product-type.application";
		};
/* End PBXNativeTarget section */

/* Begin PBXProject section */
		014B222920024B4C00654AA1 /* Project object */ = {
			isa = PBXProject;
			attributes = {
				LastSwiftUpdateCheck = 0910;
				LastUpgradeCheck = 0910;
				ORGANIZATIONNAME = "Sergey Gusev";
				TargetAttributes = {
					014B223020024B4C00654AA1 = {
						CreatedOnToolsVersion = 9.1;
						ProvisioningStyle = Automatic;
					};
				};
			};
			buildConfigurationList = 014B222C20024B4C00654AA1 /* Build configuration list for PBXProject "reminder" */;
			compatibilityVersion = "Xcode 8.0";
			developmentRegion = en;
			hasScannedForEncodings = 0;
			knownRegions = (
				en,
				Base,
			);
			mainGroup = 014B222820024B4C00654AA1;
			productRefGroup = 014B223220024B4C00654AA1 /* Products */;
			projectDirPath = "";
			projectRoot = "";
			targets = (
				014B223020024B4C00654AA1 /* reminder */,
			);
		};
/* End PBXProject section */

/* Begin PBXResourcesBuildPhase section */
		014B222F20024B4C00654AA1 /* Resources */ = {
			isa = PBXResourcesBuildPhase;
			buildActionMask = 2147483647;
			files = (
				01D60EF820052936004D497A /* JustPhoto.xib in Resources */,
				012093B02004E396008EAC33 /* VkWall.xib in Resources */,
				014B223F20024B4C00654AA1 /* LaunchScreen.storyboard in Resources */,
				01B009932005035000CB5006 /* PhotoCollection.xib in Resources */,
				01B009982005051000CB5006 /* PhotoCollectionCell.xib in Resources */,
				014B226D20024F8400654AA1 /* TableViewCell.xib in Resources */,
				014B223C20024B4C00654AA1 /* Assets.xcassets in Resources */,
				014B2274200260BF00654AA1 /* DetailReminder.xib in Resources */,
				014B223A20024B4C00654AA1 /* Main.storyboard in Resources */,
				014B227920026E0400654AA1 /* AddReminder.xib in Resources */,
			);
			runOnlyForDeploymentPostprocessing = 0;
		};
/* End PBXResourcesBuildPhase section */

/* Begin PBXShellScriptBuildPhase section */
		0193623E2008BF9800A0E875 /* ShellScript */ = {
			isa = PBXShellScriptBuildPhase;
			buildActionMask = 2147483647;
			files = (
			);
			inputPaths = (
			);
			outputPaths = (
			);
			runOnlyForDeploymentPostprocessing = 0;
			shellPath = /bin/sh;
			shellScript = "if which swiftlint >/dev/null; then\nswiftlint\nelse\necho \"warning: SwiftLint not installed, download from https://github.com/realm/SwiftLint\"\nfi";
		};
/* End PBXShellScriptBuildPhase section */

/* Begin PBXSourcesBuildPhase section */
		014B222D20024B4C00654AA1 /* Sources */ = {
			isa = PBXSourcesBuildPhase;
			buildActionMask = 2147483647;
			files = (
				012093B22004E428008EAC33 /* Session.swift in Sources */,
				012093B42004E433008EAC33 /* Constants.swift in Sources */,
				014B226C20024F8400654AA1 /* TableViewCell.swift in Sources */,
				014B226F2002567A00654AA1 /* RemindStruct.swift in Sources */,
				01209393200421E1008EAC33 /* SaveData.swift in Sources */,
				01CF345B20057BA60019C7D4 /* StringEditor.swift in Sources */,
				01B009972005051000CB5006 /* PhotoCollectionCell.swift in Sources */,
				014B223720024B4C00654AA1 /* ViewController.swift in Sources */,
				014B2273200260BF00654AA1 /* DetailReminder.swift in Sources */,
				0120939120041E39008EAC33 /* Push.swift in Sources */,
				017C6EFB200911C10082CE40 /* FadeAnimation.swift in Sources */,
				012093AF2004E396008EAC33 /* VkWall.swift in Sources */,
				01D60EF720052936004D497A /* JustPhoto.swift in Sources */,
				017C6EF9200905590082CE40 /* PostToVk.swift in Sources */,
				0193623B20081ECD00A0E875 /* WebCacheCleaner.swift in Sources */,
				014B223520024B4C00654AA1 /* AppDelegate.swift in Sources */,
				01B009922005035000CB5006 /* PhotoCollection.swift in Sources */,
				014B227820026E0400654AA1 /* AddReminder.swift in Sources */,
			);
			runOnlyForDeploymentPostprocessing = 0;
		};
/* End PBXSourcesBuildPhase section */

/* Begin PBXVariantGroup section */
		014B223820024B4C00654AA1 /* Main.storyboard */ = {
			isa = PBXVariantGroup;
			children = (
				014B223920024B4C00654AA1 /* Base */,
			);
			name = Main.storyboard;
			sourceTree = "<group>";
		};
		014B223D20024B4C00654AA1 /* LaunchScreen.storyboard */ = {
			isa = PBXVariantGroup;
			children = (
				014B223E20024B4C00654AA1 /* Base */,
			);
			name = LaunchScreen.storyboard;
			sourceTree = "<group>";
		};
/* End PBXVariantGroup section */

/* Begin XCBuildConfiguration section */
		014B225720024B4D00654AA1 /* Debug */ = {
			isa = XCBuildConfiguration;
			buildSettings = {
				ALWAYS_SEARCH_USER_PATHS = NO;
				CLANG_ANALYZER_NONNULL = YES;
				CLANG_ANALYZER_NUMBER_OBJECT_CONVERSION = YES_AGGRESSIVE;
				CLANG_CXX_LANGUAGE_STANDARD = "gnu++14";
				CLANG_CXX_LIBRARY = "libc++";
				CLANG_ENABLE_MODULES = YES;
				CLANG_ENABLE_OBJC_ARC = YES;
				CLANG_WARN_BLOCK_CAPTURE_AUTORELEASING = YES;
				CLANG_WARN_BOOL_CONVERSION = YES;
				CLANG_WARN_COMMA = YES;
				CLANG_WARN_CONSTANT_CONVERSION = YES;
				CLANG_WARN_DIRECT_OBJC_ISA_USAGE = YES_ERROR;
				CLANG_WARN_DOCUMENTATION_COMMENTS = YES;
				CLANG_WARN_EMPTY_BODY = YES;
				CLANG_WARN_ENUM_CONVERSION = YES;
				CLANG_WARN_INFINITE_RECURSION = YES;
				CLANG_WARN_INT_CONVERSION = YES;
				CLANG_WARN_NON_LITERAL_NULL_CONVERSION = YES;
				CLANG_WARN_OBJC_LITERAL_CONVERSION = YES;
				CLANG_WARN_OBJC_ROOT_CLASS = YES_ERROR;
				CLANG_WARN_RANGE_LOOP_ANALYSIS = YES;
				CLANG_WARN_STRICT_PROTOTYPES = YES;
				CLANG_WARN_SUSPICIOUS_MOVE = YES;
				CLANG_WARN_UNGUARDED_AVAILABILITY = YES_AGGRESSIVE;
				CLANG_WARN_UNREACHABLE_CODE = YES;
				CLANG_WARN__DUPLICATE_METHOD_MATCH = YES;
				CODE_SIGN_IDENTITY = "iPhone Developer";
				COPY_PHASE_STRIP = NO;
				DEBUG_INFORMATION_FORMAT = dwarf;
				ENABLE_STRICT_OBJC_MSGSEND = YES;
				ENABLE_TESTABILITY = YES;
				GCC_C_LANGUAGE_STANDARD = gnu11;
				GCC_DYNAMIC_NO_PIC = NO;
				GCC_NO_COMMON_BLOCKS = YES;
				GCC_OPTIMIZATION_LEVEL = 0;
				GCC_PREPROCESSOR_DEFINITIONS = (
					"DEBUG=1",
					"$(inherited)",
				);
				GCC_WARN_64_TO_32_BIT_CONVERSION = YES;
				GCC_WARN_ABOUT_RETURN_TYPE = YES_ERROR;
				GCC_WARN_UNDECLARED_SELECTOR = YES;
				GCC_WARN_UNINITIALIZED_AUTOS = YES_AGGRESSIVE;
				GCC_WARN_UNUSED_FUNCTION = YES;
				GCC_WARN_UNUSED_VARIABLE = YES;
				IPHONEOS_DEPLOYMENT_TARGET = 11.1;
				MTL_ENABLE_DEBUG_INFO = YES;
				ONLY_ACTIVE_ARCH = YES;
				SDKROOT = iphoneos;
				SWIFT_ACTIVE_COMPILATION_CONDITIONS = DEBUG;
				SWIFT_OPTIMIZATION_LEVEL = "-Onone";
			};
			name = Debug;
		};
		014B225820024B4D00654AA1 /* Release */ = {
			isa = XCBuildConfiguration;
			buildSettings = {
				ALWAYS_SEARCH_USER_PATHS = NO;
				CLANG_ANALYZER_NONNULL = YES;
				CLANG_ANALYZER_NUMBER_OBJECT_CONVERSION = YES_AGGRESSIVE;
				CLANG_CXX_LANGUAGE_STANDARD = "gnu++14";
				CLANG_CXX_LIBRARY = "libc++";
				CLANG_ENABLE_MODULES = YES;
				CLANG_ENABLE_OBJC_ARC = YES;
				CLANG_WARN_BLOCK_CAPTURE_AUTORELEASING = YES;
				CLANG_WARN_BOOL_CONVERSION = YES;
				CLANG_WARN_COMMA = YES;
				CLANG_WARN_CONSTANT_CONVERSION = YES;
				CLANG_WARN_DIRECT_OBJC_ISA_USAGE = YES_ERROR;
				CLANG_WARN_DOCUMENTATION_COMMENTS = YES;
				CLANG_WARN_EMPTY_BODY = YES;
				CLANG_WARN_ENUM_CONVERSION = YES;
				CLANG_WARN_INFINITE_RECURSION = YES;
				CLANG_WARN_INT_CONVERSION = YES;
				CLANG_WARN_NON_LITERAL_NULL_CONVERSION = YES;
				CLANG_WARN_OBJC_LITERAL_CONVERSION = YES;
				CLANG_WARN_OBJC_ROOT_CLASS = YES_ERROR;
				CLANG_WARN_RANGE_LOOP_ANALYSIS = YES;
				CLANG_WARN_STRICT_PROTOTYPES = YES;
				CLANG_WARN_SUSPICIOUS_MOVE = YES;
				CLANG_WARN_UNGUARDED_AVAILABILITY = YES_AGGRESSIVE;
				CLANG_WARN_UNREACHABLE_CODE = YES;
				CLANG_WARN__DUPLICATE_METHOD_MATCH = YES;
				CODE_SIGN_IDENTITY = "iPhone Developer";
				COPY_PHASE_STRIP = NO;
				DEBUG_INFORMATION_FORMAT = "dwarf-with-dsym";
				ENABLE_NS_ASSERTIONS = NO;
				ENABLE_STRICT_OBJC_MSGSEND = YES;
				GCC_C_LANGUAGE_STANDARD = gnu11;
				GCC_NO_COMMON_BLOCKS = YES;
				GCC_WARN_64_TO_32_BIT_CONVERSION = YES;
				GCC_WARN_ABOUT_RETURN_TYPE = YES_ERROR;
				GCC_WARN_UNDECLARED_SELECTOR = YES;
				GCC_WARN_UNINITIALIZED_AUTOS = YES_AGGRESSIVE;
				GCC_WARN_UNUSED_FUNCTION = YES;
				GCC_WARN_UNUSED_VARIABLE = YES;
				IPHONEOS_DEPLOYMENT_TARGET = 11.1;
				MTL_ENABLE_DEBUG_INFO = NO;
				SDKROOT = iphoneos;
				SWIFT_OPTIMIZATION_LEVEL = "-Owholemodule";
				VALIDATE_PRODUCT = YES;
			};
			name = Release;
		};
		014B225A20024B4D00654AA1 /* Debug */ = {
			isa = XCBuildConfiguration;
			buildSettings = {
				ASSETCATALOG_COMPILER_APPICON_NAME = AppIcon;
				CODE_SIGN_STYLE = Automatic;
				DEVELOPMENT_TEAM = JBF3U4Y3Z7;
				INFOPLIST_FILE = "$(SRCROOT)/reminder/support/Info.plist";
				LD_RUNPATH_SEARCH_PATHS = "$(inherited) @executable_path/Frameworks";
				PRODUCT_BUNDLE_IDENTIFIER = ep.reminder.teamsesh;
				PRODUCT_NAME = "$(TARGET_NAME)";
				SWIFT_VERSION = 4.0;
				TARGETED_DEVICE_FAMILY = "1,2";
			};
			name = Debug;
		};
		014B225B20024B4D00654AA1 /* Release */ = {
			isa = XCBuildConfiguration;
			buildSettings = {
				ASSETCATALOG_COMPILER_APPICON_NAME = AppIcon;
				CODE_SIGN_STYLE = Automatic;
				DEVELOPMENT_TEAM = JBF3U4Y3Z7;
				INFOPLIST_FILE = "$(SRCROOT)/reminder/support/Info.plist";
				LD_RUNPATH_SEARCH_PATHS = "$(inherited) @executable_path/Frameworks";
				PRODUCT_BUNDLE_IDENTIFIER = ep.reminder.teamsesh;
				PRODUCT_NAME = "$(TARGET_NAME)";
				SWIFT_VERSION = 4.0;
				TARGETED_DEVICE_FAMILY = "1,2";
			};
			name = Release;
		};
/* End XCBuildConfiguration section */

/* Begin XCConfigurationList section */
		014B222C20024B4C00654AA1 /* Build configuration list for PBXProject "reminder" */ = {
			isa = XCConfigurationList;
			buildConfigurations = (
				014B225720024B4D00654AA1 /* Debug */,
				014B225820024B4D00654AA1 /* Release */,
			);
			defaultConfigurationIsVisible = 0;
			defaultConfigurationName = Release;
		};
		014B225920024B4D00654AA1 /* Build configuration list for PBXNativeTarget "reminder" */ = {
			isa = XCConfigurationList;
			buildConfigurations = (
				014B225A20024B4D00654AA1 /* Debug */,
				014B225B20024B4D00654AA1 /* Release */,
			);
			defaultConfigurationIsVisible = 0;
			defaultConfigurationName = Release;
		};
/* End XCConfigurationList section */
	};
	rootObject = 014B222920024B4C00654AA1 /* Project object */;
}
